<?xml version="1.0" encoding="utf-8"?>
<Project ToolsVersion="4.0" xmlns="http://schemas.microsoft.com/developer/msbuild/2003">
  <ItemGroup>
    <Filter Include="源文件">
      <UniqueIdentifier>{4FC737F1-C7A5-4376-A066-2A32D752A2FF}</UniqueIdentifier>
      <Extensions>cpp;c;cc;cxx;def;odl;idl;hpj;bat;asm;asmx</Extensions>
    </Filter>
    <Filter Include="头文件">
      <UniqueIdentifier>{93995380-89BD-4b04-88EB-625FBE52EBFB}</UniqueIdentifier>
      <Extensions>h;hh;hpp;hxx;hm;inl;inc;xsd</Extensions>
    </Filter>
    <Filter Include="资源文件">
      <UniqueIdentifier>{67DA6AB6-F800-4c08-8B7A-83BB121AAD01}</UniqueIdentifier>
      <Extensions>rc;ico;cur;bmp;dlg;rc2;rct;bin;rgs;gif;jpg;jpeg;jpe;resx;tiff;tif;png;wav;mfcribbon-ms</Extensions>
    </Filter>
  </ItemGroup>
  <ItemGroup>
    <ClInclude Include="AABB2D.h">
      <Filter>头文件</Filter>
    </ClInclude>
    <ClInclude Include="AttrSetting.h">
      <Filter>头文件</Filter>
    </ClInclude>
    <ClInclude Include="AutoGrid.h">
      <Filter>头文件</Filter>
    </ClInclude>
    <ClInclude Include="BasicClip.h">
      <Filter>头文件</Filter>
    </ClInclude>
    <ClInclude Include="BasicContent.h">
      <Filter>头文件</Filter>
    </ClInclude>
    <ClInclude Include="BasicMeasure.h">
      <Filter>头文件</Filter>
    </ClInclude>
    <ClInclude Include="BasicTransform.h">
      <Filter>头文件</Filter>
    </ClInclude>
    <ClInclude Include="Blink.h">
      <Filter>头文件</Filter>
    </ClInclude>
    <ClInclude Include="Border.h">
      <Filter>头文件</Filter>
    </ClInclude>
    <ClInclude Include="Button.h">
      <Filter>头文件</Filter>
    </ClInclude>
    <ClInclude Include="ButtonBase.h">
      <Filter>头文件</Filter>
    </ClInclude>
    <ClInclude Include="CheckButton.h">
      <Filter>头文件</Filter>
    </ClInclude>
    <ClInclude Include="ChildItem.h">
      <Filter>头文件</Filter>
    </ClInclude>
    <ClInclude Include="ComponentHeaders.h">
      <Filter>头文件</Filter>
    </ClInclude>
    <ClInclude Include="ContainerComponent.h">
      <Filter>头文件</Filter>
    </ClInclude>
    <ClInclude Include="Control.h">
      <Filter>头文件</Filter>
    </ClInclude>
    <ClInclude Include="DataHeaders.h">
      <Filter>头文件</Filter>
    </ClInclude>
    <ClInclude Include="DataInfoAttr.h">
      <Filter>头文件</Filter>
    </ClInclude>
    <ClInclude Include="DataInfoNode.h">
      <Filter>头文件</Filter>
    </ClInclude>
    <ClInclude Include="DataManager.h">
      <Filter>头文件</Filter>
    </ClInclude>
    <ClInclude Include="DictionaryManager.h">
      <Filter>头文件</Filter>
    </ClInclude>
    <ClInclude Include="ElementSetting.h">
      <Filter>头文件</Filter>
    </ClInclude>
    <ClInclude Include="EventNodeBase.h">
      <Filter>头文件</Filter>
    </ClInclude>
    <ClInclude Include="EventNodeGroup.h">
      <Filter>头文件</Filter>
    </ClInclude>
    <ClInclude Include="EventScript.h">
      <Filter>头文件</Filter>
    </ClInclude>
    <ClInclude Include="EventTrigger.h">
      <Filter>头文件</Filter>
    </ClInclude>
    <ClInclude Include="FlowElement.h">
      <Filter>头文件</Filter>
    </ClInclude>
    <ClInclude Include="Geometry.h">
      <Filter>头文件</Filter>
    </ClInclude>
    <ClInclude Include="GeometryHeaders.h">
      <Filter>头文件</Filter>
    </ClInclude>
    <ClInclude Include="GeometryManager.h">
      <Filter>头文件</Filter>
    </ClInclude>
    <ClInclude Include="GeometryPoly.h">
      <Filter>头文件</Filter>
    </ClInclude>
    <ClInclude Include="GeometryRect.h">
      <Filter>头文件</Filter>
    </ClInclude>
    <ClInclude Include="GeometryUnionPoly.h">
      <Filter>头文件</Filter>
    </ClInclude>
    <ClInclude Include="Grid.h">
      <Filter>头文件</Filter>
    </ClInclude>
    <ClInclude Include="GridItem.h">
      <Filter>头文件</Filter>
    </ClInclude>
    <ClInclude Include="ImageManager.h">
      <Filter>头文件</Filter>
    </ClInclude>
    <ClInclude Include="ImagePackage.h">
      <Filter>头文件</Filter>
    </ClInclude>
    <ClInclude Include="ImageShape.h">
      <Filter>头文件</Filter>
    </ClInclude>
    <ClInclude Include="ImageSkinHeaders.h">
      <Filter>头文件</Filter>
    </ClInclude>
    <ClInclude Include="InputBox.h">
      <Filter>头文件</Filter>
    </ClInclude>
    <ClInclude Include="MeasureData.h">
      <Filter>头文件</Filter>
    </ClInclude>
    <ClInclude Include="NameSpaceSetting.h">
      <Filter>头文件</Filter>
    </ClInclude>
    <ClInclude Include="NodeHeaders.h">
      <Filter>头文件</Filter>
    </ClInclude>
    <ClInclude Include="NodeManager.h">
      <Filter>头文件</Filter>
    </ClInclude>
    <ClInclude Include="NodeTypeSetting.h">
      <Filter>头文件</Filter>
    </ClInclude>
    <ClInclude Include="ObjectAttrDef.hpp">
      <Filter>头文件</Filter>
    </ClInclude>
    <ClInclude Include="ObjectBase.h">
      <Filter>头文件</Filter>
    </ClInclude>
    <ClInclude Include="ObjectHeaders.h">
      <Filter>头文件</Filter>
    </ClInclude>
    <ClInclude Include="Para.h">
      <Filter>头文件</Filter>
    </ClInclude>
    <ClInclude Include="ParticleShape.h">
      <Filter>头文件</Filter>
    </ClInclude>
    <ClInclude Include="Progress.h">
      <Filter>头文件</Filter>
    </ClInclude>
    <ClInclude Include="ProgressSlider.h">
      <Filter>头文件</Filter>
    </ClInclude>
    <ClInclude Include="RadioButton.h">
      <Filter>头文件</Filter>
    </ClInclude>
    <ClInclude Include="ResPool.h">
      <Filter>头文件</Filter>
    </ClInclude>
    <ClInclude Include="ResPoolManager.h">
      <Filter>头文件</Filter>
    </ClInclude>
    <ClInclude Include="ScrollView.h">
      <Filter>头文件</Filter>
    </ClInclude>
    <ClInclude Include="ShapeGroup.h">
      <Filter>头文件</Filter>
    </ClInclude>
    <ClInclude Include="SimpleComponent.h">
      <Filter>头文件</Filter>
    </ClInclude>
    <ClInclude Include="Size.h">
      <Filter>头文件</Filter>
    </ClInclude>
    <ClInclude Include="SkillButton.h">
      <Filter>头文件</Filter>
    </ClInclude>
    <ClInclude Include="Skin.h">
      <Filter>头文件</Filter>
    </ClInclude>
    <ClInclude Include="SkinGroup.h">
      <Filter>头文件</Filter>
    </ClInclude>
    <ClInclude Include="SkinRow.h">
      <Filter>头文件</Filter>
    </ClInclude>
    <ClInclude Include="SlicedPanel.h">
      <Filter>头文件</Filter>
    </ClInclude>
    <ClInclude Include="ssuiBasic.h">
      <Filter>头文件</Filter>
    </ClInclude>
    <ClInclude Include="SSUIDef.h">
      <Filter>头文件</Filter>
    </ClInclude>
    <ClInclude Include="SSUIEvent.h">
      <Filter>头文件</Filter>
    </ClInclude>
    <ClInclude Include="SSUILib.h">
      <Filter>头文件</Filter>
    </ClInclude>
    <ClInclude Include="SSUIMath.h">
      <Filter>头文件</Filter>
    </ClInclude>
    <ClInclude Include="SSUIPublic.h">
      <Filter>头文件</Filter>
    </ClInclude>
    <ClInclude Include="StackPanel.h">
      <Filter>头文件</Filter>
    </ClInclude>
    <ClInclude Include="StaticCache.h">
      <Filter>头文件</Filter>
    </ClInclude>
    <ClInclude Include="StringManager.h">
      <Filter>头文件</Filter>
    </ClInclude>
    <ClInclude Include="SystemHeaders.h">
      <Filter>头文件</Filter>
    </ClInclude>
    <ClInclude Include="TextFlow.h">
      <Filter>头文件</Filter>
    </ClInclude>
    <ClInclude Include="TextShape.h">
      <Filter>头文件</Filter>
    </ClInclude>
    <ClInclude Include="TimeContent.h">
      <Filter>头文件</Filter>
    </ClInclude>
    <ClInclude Include="Timer.h">
      <Filter>头文件</Filter>
    </ClInclude>
    <ClInclude Include="ToggleButton.h">
      <Filter>头文件</Filter>
    </ClInclude>
    <ClInclude Include="UIComponent.h">
      <Filter>头文件</Filter>
    </ClInclude>
    <ClInclude Include="UIController.h">
      <Filter>头文件</Filter>
    </ClInclude>
    <ClInclude Include="UIDrawModel.h">
      <Filter>头文件</Filter>
    </ClInclude>
    <ClInclude Include="UIImageBase.h">
      <Filter>头文件</Filter>
    </ClInclude>
    <ClInclude Include="UIImagePoly.h">
      <Filter>头文件</Filter>
    </ClInclude>
    <ClInclude Include="UIImageRect.h">
      <Filter>头文件</Filter>
    </ClInclude>
    <ClInclude Include="UIKeySubject.h">
      <Filter>头文件</Filter>
    </ClInclude>
    <ClInclude Include="UIManager.h">
      <Filter>头文件</Filter>
    </ClInclude>
    <ClInclude Include="UIScene.h">
      <Filter>头文件</Filter>
    </ClInclude>
    <ClInclude Include="UITexture.h">
      <Filter>头文件</Filter>
    </ClInclude>
    <ClInclude Include="UIXmlConfig.h">
      <Filter>头文件</Filter>
    </ClInclude>
    <ClInclude Include="VirtualJoystick.h">
      <Filter>头文件</Filter>
    </ClInclude>
    <ClInclude Include="WrapPanel.h">
      <Filter>头文件</Filter>
    </ClInclude>
  </ItemGroup>
  <ItemGroup>
    <ClCompile Include="AttrSetting.cpp">
      <Filter>源文件</Filter>
    </ClCompile>
    <ClCompile Include="AutoGrid.cpp">
      <Filter>源文件</Filter>
    </ClCompile>
    <ClCompile Include="BasicClip.cpp">
      <Filter>源文件</Filter>
    </ClCompile>
    <ClCompile Include="BasicContent.cpp">
      <Filter>源文件</Filter>
    </ClCompile>
    <ClCompile Include="BasicMeasure.cpp">
      <Filter>源文件</Filter>
    </ClCompile>
    <ClCompile Include="BasicTransform.cpp">
      <Filter>源文件</Filter>
    </ClCompile>
    <ClCompile Include="Blink.cpp">
      <Filter>源文件</Filter>
    </ClCompile>
    <ClCompile Include="Border.cpp">
      <Filter>源文件</Filter>
    </ClCompile>
    <ClCompile Include="Button.cpp">
      <Filter>源文件</Filter>
    </ClCompile>
    <ClCompile Include="ButtonBase.cpp">
      <Filter>源文件</Filter>
    </ClCompile>
    <ClCompile Include="CheckButton.cpp">
      <Filter>源文件</Filter>
    </ClCompile>
    <ClCompile Include="ChildItem.cpp">
      <Filter>源文件</Filter>
    </ClCompile>
    <ClCompile Include="ContainerComponent.cpp">
      <Filter>源文件</Filter>
    </ClCompile>
    <ClCompile Include="Control.cpp">
      <Filter>源文件</Filter>
    </ClCompile>
    <ClCompile Include="DataInfoAttr.cpp">
      <Filter>源文件</Filter>
    </ClCompile>
    <ClCompile Include="DataInfoNode.cpp">
      <Filter>源文件</Filter>
    </ClCompile>
    <ClCompile Include="DataManager.cpp">
      <Filter>源文件</Filter>
    </ClCompile>
    <ClCompile Include="DictionaryManager.cpp">
      <Filter>源文件</Filter>
    </ClCompile>
    <ClCompile Include="ElementSetting.cpp">
      <Filter>源文件</Filter>
    </ClCompile>
    <ClCompile Include="EventNodeBase.cpp">
      <Filter>源文件</Filter>
    </ClCompile>
    <ClCompile Include="EventNodeGroup.cpp">
      <Filter>源文件</Filter>
    </ClCompile>
    <ClCompile Include="EventScript.cpp">
      <Filter>源文件</Filter>
    </ClCompile>
    <ClCompile Include="EventTrigger.cpp">
      <Filter>源文件</Filter>
    </ClCompile>
    <ClCompile Include="FlowElement.cpp">
      <Filter>源文件</Filter>
    </ClCompile>
    <ClCompile Include="Geometry.cpp">
      <Filter>源文件</Filter>
    </ClCompile>
    <ClCompile Include="GeometryManager.cpp">
      <Filter>源文件</Filter>
    </ClCompile>
    <ClCompile Include="GeometryPoly.cpp">
      <Filter>源文件</Filter>
    </ClCompile>
    <ClCompile Include="GeometryRect.cpp">
      <Filter>源文件</Filter>
    </ClCompile>
    <ClCompile Include="GeometryUnionPoly.cpp">
      <Filter>源文件</Filter>
    </ClCompile>
    <ClCompile Include="Grid.cpp">
      <Filter>源文件</Filter>
    </ClCompile>
    <ClCompile Include="GridItem.cpp">
      <Filter>源文件</Filter>
    </ClCompile>
    <ClCompile Include="ImageManager.cpp">
      <Filter>源文件</Filter>
    </ClCompile>
    <ClCompile Include="ImagePackage.cpp">
      <Filter>源文件</Filter>
    </ClCompile>
    <ClCompile Include="ImageShape.cpp">
      <Filter>源文件</Filter>
    </ClCompile>
    <ClCompile Include="InputBox.cpp">
      <Filter>源文件</Filter>
    </ClCompile>
    <ClCompile Include="MeasureData.cpp">
      <Filter>源文件</Filter>
    </ClCompile>
    <ClCompile Include="NameSpaceSetting.cpp">
      <Filter>源文件</Filter>
    </ClCompile>
    <ClCompile Include="NodeManager.cpp">
      <Filter>源文件</Filter>
    </ClCompile>
    <ClCompile Include="NodeTypeSetting.cpp">
      <Filter>源文件</Filter>
    </ClCompile>
    <ClCompile Include="ObjectBase.cpp">
      <Filter>源文件</Filter>
    </ClCompile>
    <ClCompile Include="Para.cpp">
      <Filter>源文件</Filter>
    </ClCompile>
    <ClCompile Include="ParticleShape.cpp">
      <Filter>源文件</Filter>
    </ClCompile>
    <ClCompile Include="Progress.cpp">
      <Filter>源文件</Filter>
    </ClCompile>
    <ClCompile Include="ProgressSlider.cpp">
      <Filter>源文件</Filter>
    </ClCompile>
    <ClCompile Include="RadioButton.cpp">
      <Filter>源文件</Filter>
    </ClCompile>
    <ClCompile Include="ResPoolManager.cpp">
      <Filter>源文件</Filter>
    </ClCompile>
    <ClCompile Include="ScrollView.cpp">
      <Filter>源文件</Filter>
    </ClCompile>
    <ClCompile Include="ShapeGroup.cpp">
      <Filter>源文件</Filter>
    </ClCompile>
    <ClCompile Include="SimpleComponent.cpp">
      <Filter>源文件</Filter>
    </ClCompile>
    <ClCompile Include="Size.cpp">
      <Filter>源文件</Filter>
    </ClCompile>
    <ClCompile Include="SkillButton.cpp">
      <Filter>源文件</Filter>
    </ClCompile>
    <ClCompile Include="Skin.cpp">
      <Filter>源文件</Filter>
    </ClCompile>
    <ClCompile Include="SkinGroup.cpp">
      <Filter>源文件</Filter>
    </ClCompile>
    <ClCompile Include="SkinRow.cpp">
      <Filter>源文件</Filter>
    </ClCompile>
    <ClCompile Include="SlicedPanel.cpp">
      <Filter>源文件</Filter>
    </ClCompile>
    <ClCompile Include="SSUIEvent.cpp">
      <Filter>源文件</Filter>
    </ClCompile>
    <ClCompile Include="SSUIMath.cpp">
      <Filter>源文件</Filter>
    </ClCompile>
    <ClCompile Include="SSUIPublic.cpp">
      <Filter>源文件</Filter>
    </ClCompile>
    <ClCompile Include="StackPanel.cpp">
      <Filter>源文件</Filter>
    </ClCompile>
    <ClCompile Include="StringManager.cpp">
      <Filter>源文件</Filter>
    </ClCompile>
    <ClCompile Include="TextFlow.cpp">
      <Filter>源文件</Filter>
    </ClCompile>
    <ClCompile Include="TextShape.cpp">
      <Filter>源文件</Filter>
    </ClCompile>
    <ClCompile Include="TimeContent.cpp">
      <Filter>源文件</Filter>
    </ClCompile>
    <ClCompile Include="Timer.cpp">
      <Filter>源文件</Filter>
    </ClCompile>
    <ClCompile Include="ToggleButton.cpp">
      <Filter>源文件</Filter>
    </ClCompile>
    <ClCompile Include="UIComponent.cpp">
      <Filter>源文件</Filter>
    </ClCompile>
    <ClCompile Include="UIController.cpp">
      <Filter>源文件</Filter>
    </ClCompile>
    <ClCompile Include="UIDrawModel.cpp">
      <Filter>源文件</Filter>
    </ClCompile>
    <ClCompile Include="UIImageBase.cpp">
      <Filter>源文件</Filter>
    </ClCompile>
    <ClCompile Include="UIImagePoly.cpp">
      <Filter>源文件</Filter>
    </ClCompile>
    <ClCompile Include="UIImageRect.cpp">
      <Filter>源文件</Filter>
    </ClCompile>
    <ClCompile Include="UIKeySubject.cpp">
      <Filter>源文件</Filter>
    </ClCompile>
    <ClCompile Include="UIManager.cpp">
      <Filter>源文件</Filter>
    </ClCompile>
    <ClCompile Include="UIScene.cpp">
      <Filter>源文件</Filter>
    </ClCompile>
    <ClCompile Include="UITexture.cpp">
      <Filter>源文件</Filter>
    </ClCompile>
    <ClCompile Include="UIXmlConfig.cpp">
      <Filter>源文件</Filter>
    </ClCompile>
    <ClCompile Include="VirtualJoystick.cpp">
      <Filter>源文件</Filter>
    </ClCompile>
    <ClCompile Include="WrapPanel.cpp">
      <Filter>源文件</Filter>
    </ClCompile>
  </ItemGroup>
</Project>